
Microsoft Visual Studio Solution File, Format Version 12.00
# Visual Studio 14
VisualStudioVersion = 14.0.25420.1
MinimumVisualStudioVersion = 10.0.40219.1
Project("{FAE04EC0-301F-11D3-BF4B-00C04F79EFBC}") = "CRMTestApplication", "CRMTestApplication\CRMTestApplication.csproj", "{526A0D3D-0B81-4F35-8D2B-56FB4AB57960}"
EndProject
Project("{FAE04EC0-301F-11D3-BF4B-00C04F79EFBC}") = "TestPlugin", "TestPlugin\TestPlugin.csproj", "{A8678943-0007-4CED-AD59-04B294419750}"
EndProject
Project("{FAE04EC0-301F-11D3-BF4B-00C04F79EFBC}") = "sampleplugin", "sampleplugin\sampleplugin.csproj", "{7AEF9A88-AF54-4242-8DD0-2689C5CE4710}"
EndProject
Project("{FAE04EC0-301F-11D3-BF4B-00C04F79EFBC}") = "CRM", "CRM\CRM.csproj", "{2B111087-D061-47D8-9C19-23DE7DBFCC43}"
EndProject
Project("{FAE04EC0-301F-11D3-BF4B-00C04F79EFBC}") = "pluginexercise", "pluginexercise\pluginexercise.csproj", "{33C76121-20EF-436B-BFF5-2154E106F313}"
EndProject
Project("{FAE04EC0-301F-11D3-BF4B-00C04F79EFBC}") = "Demo", "Demo\Demo.csproj", "{523695A4-2625-424F-8291-CA413004E104}"
EndProject
Project("{FAE04EC0-301F-11D3-BF4B-00C04F79EFBC}") = "EmailValidationPlugin", "EmailValidationPlugin\EmailValidationPlugin.csproj", "{D96EFA83-BF1B-4DDB-9DB9-86B8FE9E0028}"
EndProject
Global
	GlobalSection(SolutionConfigurationPlatforms) = preSolution
		Debug|Any CPU = Debug|Any CPU
		Release|Any CPU = Release|Any CPU
	EndGlobalSection
	GlobalSection(ProjectConfigurationPlatforms) = postSolution
		{526A0D3D-0B81-4F35-8D2B-56FB4AB57960}.Debug|Any CPU.ActiveCfg = Debug|Any CPU
		{526A0D3D-0B81-4F35-8D2B-56FB4AB57960}.Debug|Any CPU.Build.0 = Debug|Any CPU
		{526A0D3D-0B81-4F35-8D2B-56FB4AB57960}.Release|Any CPU.ActiveCfg = Release|Any CPU
		{526A0D3D-0B81-4F35-8D2B-56FB4AB57960}.Release|Any CPU.Build.0 = Release|Any CPU
		{A8678943-0007-4CED-AD59-04B294419750}.Debug|Any CPU.ActiveCfg = Debug|Any CPU
		{A8678943-0007-4CED-AD59-04B294419750}.Debug|Any CPU.Build.0 = Debug|Any CPU
		{A8678943-0007-4CED-AD59-04B294419750}.Release|Any CPU.ActiveCfg = Release|Any CPU
		{A8678943-0007-4CED-AD59-04B294419750}.Release|Any CPU.Build.0 = Release|Any CPU
		{7AEF9A88-AF54-4242-8DD0-2689C5CE4710}.Debug|Any CPU.ActiveCfg = Debug|Any CPU
		{7AEF9A88-AF54-4242-8DD0-2689C5CE4710}.Debug|Any CPU.Build.0 = Debug|Any CPU
		{7AEF9A88-AF54-4242-8DD0-2689C5CE4710}.Release|Any CPU.ActiveCfg = Release|Any CPU
		{7AEF9A88-AF54-4242-8DD0-2689C5CE4710}.Release|Any CPU.Build.0 = Release|Any CPU
		{2B111087-D061-47D8-9C19-23DE7DBFCC43}.Debug|Any CPU.ActiveCfg = Debug|Any CPU
		{2B111087-D061-47D8-9C19-23DE7DBFCC43}.Debug|Any CPU.Build.0 = Debug|Any CPU
		{2B111087-D061-47D8-9C19-23DE7DBFCC43}.Release|Any CPU.ActiveCfg = Release|Any CPU
		{2B111087-D061-47D8-9C19-23DE7DBFCC43}.Release|Any CPU.Build.0 = Release|Any CPU
		{33C76121-20EF-436B-BFF5-2154E106F313}.Debug|Any CPU.ActiveCfg = Debug|Any CPU
		{33C76121-20EF-436B-BFF5-2154E106F313}.Debug|Any CPU.Build.0 = Debug|Any CPU
		{33C76121-20EF-436B-BFF5-2154E106F313}.Release|Any CPU.ActiveCfg = Release|Any CPU
		{33C76121-20EF-436B-BFF5-2154E106F313}.Release|Any CPU.Build.0 = Release|Any CPU
		{523695A4-2625-424F-8291-CA413004E104}.Debug|Any CPU.ActiveCfg = Debug|Any CPU
		{523695A4-2625-424F-8291-CA413004E104}.Debug|Any CPU.Build.0 = Debug|Any CPU
		{523695A4-2625-424F-8291-CA413004E104}.Release|Any CPU.ActiveCfg = Release|Any CPU
		{523695A4-2625-424F-8291-CA413004E104}.Release|Any CPU.Build.0 = Release|Any CPU
		{D96EFA83-BF1B-4DDB-9DB9-86B8FE9E0028}.Debug|Any CPU.ActiveCfg = Debug|Any CPU
		{D96EFA83-BF1B-4DDB-9DB9-86B8FE9E0028}.Debug|Any CPU.Build.0 = Debug|Any CPU
		{D96EFA83-BF1B-4DDB-9DB9-86B8FE9E0028}.Release|Any CPU.ActiveCfg = Release|Any CPU
		{D96EFA83-BF1B-4DDB-9DB9-86B8FE9E0028}.Release|Any CPU.Build.0 = Release|Any CPU
	EndGlobalSection
	GlobalSection(SolutionProperties) = preSolution
		HideSolutionNode = FALSE
	EndGlobalSection
EndGlobal
