
Microsoft Visual Studio Solution File, Format Version 12.00
# Visual Studio 15
VisualStudioVersion = 15.0.27703.2047
MinimumVisualStudioVersion = 10.0.40219.1
Project("{9A19103F-16F7-4668-BE54-9A1E7A4F7556}") = "AvantIT.ERPToCRMUpdate", "erpToCrm\AvantIT.ERPToCRMUpdate.csproj", "{69EA2C90-0D34-4BBA-8EFC-0A7A9076F523}"
EndProject
Project("{FAE04EC0-301F-11D3-BF4B-00C04F79EFBC}") = "AzureHelper", "AzureHelper\AzureHelper.csproj", "{2ACEE7A8-FABA-40EF-992B-7222EF3FD678}"
EndProject
Project("{FAE04EC0-301F-11D3-BF4B-00C04F79EFBC}") = "CRMHelper", "CRMHelper\CRMHelper.csproj", "{5A0C671E-31C6-4873-BFA4-A3D4875E0053}"
EndProject
Project("{FAE04EC0-301F-11D3-BF4B-00C04F79EFBC}") = "ERPToCRM_Test", "ERPToCRM_Test\ERPToCRM_Test.csproj", "{C533079D-80CD-4FAA-AB5F-F50804C7637F}"
EndProject
Global
	GlobalSection(SolutionConfigurationPlatforms) = preSolution
		Debug|Any CPU = Debug|Any CPU
		Release|Any CPU = Release|Any CPU
	EndGlobalSection
	GlobalSection(ProjectConfigurationPlatforms) = postSolution
		{69EA2C90-0D34-4BBA-8EFC-0A7A9076F523}.Debug|Any CPU.ActiveCfg = Debug|Any CPU
		{69EA2C90-0D34-4BBA-8EFC-0A7A9076F523}.Debug|Any CPU.Build.0 = Debug|Any CPU
		{69EA2C90-0D34-4BBA-8EFC-0A7A9076F523}.Release|Any CPU.ActiveCfg = Release|Any CPU
		{69EA2C90-0D34-4BBA-8EFC-0A7A9076F523}.Release|Any CPU.Build.0 = Release|Any CPU
		{2ACEE7A8-FABA-40EF-992B-7222EF3FD678}.Debug|Any CPU.ActiveCfg = Debug|Any CPU
		{2ACEE7A8-FABA-40EF-992B-7222EF3FD678}.Debug|Any CPU.Build.0 = Debug|Any CPU
		{2ACEE7A8-FABA-40EF-992B-7222EF3FD678}.Release|Any CPU.ActiveCfg = Release|Any CPU
		{2ACEE7A8-FABA-40EF-992B-7222EF3FD678}.Release|Any CPU.Build.0 = Release|Any CPU
		{5A0C671E-31C6-4873-BFA4-A3D4875E0053}.Debug|Any CPU.ActiveCfg = Debug|Any CPU
		{5A0C671E-31C6-4873-BFA4-A3D4875E0053}.Debug|Any CPU.Build.0 = Debug|Any CPU
		{5A0C671E-31C6-4873-BFA4-A3D4875E0053}.Release|Any CPU.ActiveCfg = Release|Any CPU
		{5A0C671E-31C6-4873-BFA4-A3D4875E0053}.Release|Any CPU.Build.0 = Release|Any CPU
		{C533079D-80CD-4FAA-AB5F-F50804C7637F}.Debug|Any CPU.ActiveCfg = Debug|Any CPU
		{C533079D-80CD-4FAA-AB5F-F50804C7637F}.Debug|Any CPU.Build.0 = Debug|Any CPU
		{C533079D-80CD-4FAA-AB5F-F50804C7637F}.Release|Any CPU.ActiveCfg = Release|Any CPU
		{C533079D-80CD-4FAA-AB5F-F50804C7637F}.Release|Any CPU.Build.0 = Release|Any CPU
	EndGlobalSection
	GlobalSection(SolutionProperties) = preSolution
		HideSolutionNode = FALSE
	EndGlobalSection
	GlobalSection(ExtensibilityGlobals) = postSolution
		SolutionGuid = {344230F1-D794-4303-8461-9C56C4879E87}
	EndGlobalSection
EndGlobal
